
Microsoft Visual Studio Solution File, Format Version 12.00
# Visual Studio 15
VisualStudioVersion = 15.0.27130.2020
MinimumVisualStudioVersion = 10.0.40219.1
Project("{FAE04EC0-301F-11D3-BF4B-00C04F79EFBC}") = "VSTSExportUser", "VSTSExportUser\VSTSExportUser.csproj", "{D142F803-F361-495A-AB79-F6EB3C490019}"
EndProject
Global
	GlobalSection(SolutionConfigurationPlatforms) = preSolution
		Debug|Any CPU = Debug|Any CPU
		Release|Any CPU = Release|Any CPU
	EndGlobalSection
	GlobalSection(ProjectConfigurationPlatforms) = postSolution
		{D142F803-F361-495A-AB79-F6EB3C490019}.Debug|Any CPU.ActiveCfg = Debug|Any CPU
		{D142F803-F361-495A-AB79-F6EB3C490019}.Debug|Any CPU.Build.0 = Debug|Any CPU
		{D142F803-F361-495A-AB79-F6EB3C490019}.Release|Any CPU.ActiveCfg = Release|Any CPU
		{D142F803-F361-495A-AB79-F6EB3C490019}.Release|Any CPU.Build.0 = Release|Any CPU
	EndGlobalSection
	GlobalSection(SolutionProperties) = preSolution
		HideSolutionNode = FALSE
	EndGlobalSection
	GlobalSection(ExtensibilityGlobals) = postSolution
		SolutionGuid = {CB647114-3E05-454B-B1AD-E574AB85FCB4}
	EndGlobalSection
EndGlobal
